github.com/BBsMi/SerenadeMi v0.0.0-20230518072853-8c7bcff0dbba h1:BpVR14GOJimLVXEicoE5CcJa7tScn6uFgNlX3JS67as=
github.com/BBsMi/SerenadeMi v0.0.0-20230518072853-8c7bcff0dbba/go.mod h1:i1obAdQ9w7AHnDX4albtp6yJ8S18P4BJ+oeUwmb1kFo=
github.com/davecgh/go-spew v1.1.1 h1:vj9j/u1bqnvCEfJOwUhtlOARqs3+rkHYY13jYWTU97c=
github.com/davecgh/go-spew v1.1.1/go.mod h1:J7Y8YcW2NihsgmVo/mv3lAwl/skON4iLHjSsI+c5H38=
